
Microsoft Visual Studio Solution File, Format Version 12.00
# Visual Studio Version 16
VisualStudioVersion = 16.0.30804.86
MinimumVisualStudioVersion = 10.0.40219.1
Project("{FAE04EC0-301F-11D3-BF4B-00C04F79EFBC}") = "DATA", "DATA\DATA.csproj", "{69F56313-9362-4F5A-8203-EB66D4F215D9}"
EndProject
Project("{FAE04EC0-301F-11D3-BF4B-00C04F79EFBC}") = "WebApi", "WebApi\WebApi.csproj", "{F21A3057-3D1A-4911-8098-56BD636C5BA7}"
EndProject
Global
	GlobalSection(SolutionConfigurationPlatforms) = preSolution
		Debug|Any CPU = Debug|Any CPU
		Release|Any CPU = Release|Any CPU
	EndGlobalSection
	GlobalSection(ProjectConfigurationPlatforms) = postSolution
		{69F56313-9362-4F5A-8203-EB66D4F215D9}.Debug|Any CPU.ActiveCfg = Debug|Any CPU
		{69F56313-9362-4F5A-8203-EB66D4F215D9}.Debug|Any CPU.Build.0 = Debug|Any CPU
		{69F56313-9362-4F5A-8203-EB66D4F215D9}.Release|Any CPU.ActiveCfg = Release|Any CPU
		{69F56313-9362-4F5A-8203-EB66D4F215D9}.Release|Any CPU.Build.0 = Release|Any CPU
		{F21A3057-3D1A-4911-8098-56BD636C5BA7}.Debug|Any CPU.ActiveCfg = Debug|Any CPU
		{F21A3057-3D1A-4911-8098-56BD636C5BA7}.Debug|Any CPU.Build.0 = Debug|Any CPU
		{F21A3057-3D1A-4911-8098-56BD636C5BA7}.Release|Any CPU.ActiveCfg = Release|Any CPU
		{F21A3057-3D1A-4911-8098-56BD636C5BA7}.Release|Any CPU.Build.0 = Release|Any CPU
	EndGlobalSection
	GlobalSection(SolutionProperties) = preSolution
		HideSolutionNode = FALSE
	EndGlobalSection
	GlobalSection(ExtensibilityGlobals) = postSolution
		SolutionGuid = {56834D72-3E97-4145-BB7B-4A8980E9A87A}
	EndGlobalSection
EndGlobal
